
Microsoft Visual Studio Solution File, Format Version 12.00
# Visual Studio 15
VisualStudioVersion = 15.0.26228.9
MinimumVisualStudioVersion = 10.0.40219.1
Project("{FAE04EC0-301F-11D3-BF4B-00C04F79EFBC}") = "HexBall", "HexBall\HexBall.csproj", "{F05C780C-66D2-4C56-B9FB-FBEC2F8067BD}"
EndProject
Project("{FAE04EC0-301F-11D3-BF4B-00C04F79EFBC}") = "Server", "Server\Server.csproj", "{F9449F55-9CE8-44DD-B372-31B298C4968F}"
EndProject
Project("{FAE04EC0-301F-11D3-BF4B-00C04F79EFBC}") = "ServerAlt", "ServerAlt\ServerAlt.csproj", "{E7763E0F-1335-4093-99EA-4B570CC2093A}"
EndProject
Global
	GlobalSection(SolutionConfigurationPlatforms) = preSolution
		Debug|Any CPU = Debug|Any CPU
		Debug|x64 = Debug|x64
		Debug|x86 = Debug|x86
		Release|Any CPU = Release|Any CPU
		Release|x64 = Release|x64
		Release|x86 = Release|x86
	EndGlobalSection
	GlobalSection(ProjectConfigurationPlatforms) = postSolution
		{F05C780C-66D2-4C56-B9FB-FBEC2F8067BD}.Debug|Any CPU.ActiveCfg = Debug|Any CPU
		{F05C780C-66D2-4C56-B9FB-FBEC2F8067BD}.Debug|Any CPU.Build.0 = Debug|Any CPU
		{F05C780C-66D2-4C56-B9FB-FBEC2F8067BD}.Debug|x64.ActiveCfg = Debug|Any CPU
		{F05C780C-66D2-4C56-B9FB-FBEC2F8067BD}.Debug|x64.Build.0 = Debug|Any CPU
		{F05C780C-66D2-4C56-B9FB-FBEC2F8067BD}.Debug|x86.ActiveCfg = Debug|Any CPU
		{F05C780C-66D2-4C56-B9FB-FBEC2F8067BD}.Debug|x86.Build.0 = Debug|Any CPU
		{F05C780C-66D2-4C56-B9FB-FBEC2F8067BD}.Release|Any CPU.ActiveCfg = Release|Any CPU
		{F05C780C-66D2-4C56-B9FB-FBEC2F8067BD}.Release|Any CPU.Build.0 = Release|Any CPU
		{F05C780C-66D2-4C56-B9FB-FBEC2F8067BD}.Release|x64.ActiveCfg = Release|Any CPU
		{F05C780C-66D2-4C56-B9FB-FBEC2F8067BD}.Release|x64.Build.0 = Release|Any CPU
		{F05C780C-66D2-4C56-B9FB-FBEC2F8067BD}.Release|x86.ActiveCfg = Release|Any CPU
		{F05C780C-66D2-4C56-B9FB-FBEC2F8067BD}.Release|x86.Build.0 = Release|Any CPU
		{F9449F55-9CE8-44DD-B372-31B298C4968F}.Debug|Any CPU.ActiveCfg = Debug|Any CPU
		{F9449F55-9CE8-44DD-B372-31B298C4968F}.Debug|Any CPU.Build.0 = Debug|Any CPU
		{F9449F55-9CE8-44DD-B372-31B298C4968F}.Debug|x64.ActiveCfg = Debug|Any CPU
		{F9449F55-9CE8-44DD-B372-31B298C4968F}.Debug|x64.Build.0 = Debug|Any CPU
		{F9449F55-9CE8-44DD-B372-31B298C4968F}.Debug|x86.ActiveCfg = Debug|Any CPU
		{F9449F55-9CE8-44DD-B372-31B298C4968F}.Debug|x86.Build.0 = Debug|Any CPU
		{F9449F55-9CE8-44DD-B372-31B298C4968F}.Release|Any CPU.ActiveCfg = Release|Any CPU
		{F9449F55-9CE8-44DD-B372-31B298C4968F}.Release|Any CPU.Build.0 = Release|Any CPU
		{F9449F55-9CE8-44DD-B372-31B298C4968F}.Release|x64.ActiveCfg = Release|Any CPU
		{F9449F55-9CE8-44DD-B372-31B298C4968F}.Release|x64.Build.0 = Release|Any CPU
		{F9449F55-9CE8-44DD-B372-31B298C4968F}.Release|x86.ActiveCfg = Release|Any CPU
		{F9449F55-9CE8-44DD-B372-31B298C4968F}.Release|x86.Build.0 = Release|Any CPU
		{E7763E0F-1335-4093-99EA-4B570CC2093A}.Debug|Any CPU.ActiveCfg = Debug|Any CPU
		{E7763E0F-1335-4093-99EA-4B570CC2093A}.Debug|Any CPU.Build.0 = Debug|Any CPU
		{E7763E0F-1335-4093-99EA-4B570CC2093A}.Debug|x64.ActiveCfg = Debug|Any CPU
		{E7763E0F-1335-4093-99EA-4B570CC2093A}.Debug|x64.Build.0 = Debug|Any CPU
		{E7763E0F-1335-4093-99EA-4B570CC2093A}.Debug|x86.ActiveCfg = Debug|Any CPU
		{E7763E0F-1335-4093-99EA-4B570CC2093A}.Debug|x86.Build.0 = Debug|Any CPU
		{E7763E0F-1335-4093-99EA-4B570CC2093A}.Release|Any CPU.ActiveCfg = Release|Any CPU
		{E7763E0F-1335-4093-99EA-4B570CC2093A}.Release|Any CPU.Build.0 = Release|Any CPU
		{E7763E0F-1335-4093-99EA-4B570CC2093A}.Release|x64.ActiveCfg = Release|Any CPU
		{E7763E0F-1335-4093-99EA-4B570CC2093A}.Release|x64.Build.0 = Release|Any CPU
		{E7763E0F-1335-4093-99EA-4B570CC2093A}.Release|x86.ActiveCfg = Release|Any CPU
		{E7763E0F-1335-4093-99EA-4B570CC2093A}.Release|x86.Build.0 = Release|Any CPU
	EndGlobalSection
	GlobalSection(SolutionProperties) = preSolution
		HideSolutionNode = FALSE
	EndGlobalSection
EndGlobal
